
Microsoft Visual Studio Solution File, Format Version 12.00
# Visual Studio 15
VisualStudioVersion = 15.0.28307.1738
MinimumVisualStudioVersion = 10.0.40219.1
Project("{FAE04EC0-301F-11D3-BF4B-00C04F79EFBC}") = "Marduk", "Marduk.csproj", "{DF0E1BDB-6DEA-4919-A963-281BFAD5BE6F}"
EndProject
Global
	GlobalSection(SolutionConfigurationPlatforms) = preSolution
		Debug|Any CPU = Debug|Any CPU
		Debug|ARM = Debug|ARM
		Debug|ARM64 = Debug|ARM64
		Debug|x64 = Debug|x64
		Debug|x86 = Debug|x86
		Release|Any CPU = Release|Any CPU
		Release|ARM = Release|ARM
		Release|ARM64 = Release|ARM64
		Release|x64 = Release|x64
		Release|x86 = Release|x86
	EndGlobalSection
	GlobalSection(ProjectConfigurationPlatforms) = postSolution
		{DF0E1BDB-6DEA-4919-A963-281BFAD5BE6F}.Debug|Any CPU.ActiveCfg = Debug|Any CPU
		{DF0E1BDB-6DEA-4919-A963-281BFAD5BE6F}.Debug|Any CPU.Build.0 = Debug|Any CPU
		{DF0E1BDB-6DEA-4919-A963-281BFAD5BE6F}.Debug|ARM.ActiveCfg = Debug|ARM
		{DF0E1BDB-6DEA-4919-A963-281BFAD5BE6F}.Debug|ARM.Build.0 = Debug|ARM
		{DF0E1BDB-6DEA-4919-A963-281BFAD5BE6F}.Debug|ARM64.ActiveCfg = Debug|ARM64
		{DF0E1BDB-6DEA-4919-A963-281BFAD5BE6F}.Debug|ARM64.Build.0 = Debug|ARM64
		{DF0E1BDB-6DEA-4919-A963-281BFAD5BE6F}.Debug|x64.ActiveCfg = Debug|x64
		{DF0E1BDB-6DEA-4919-A963-281BFAD5BE6F}.Debug|x64.Build.0 = Debug|x64
		{DF0E1BDB-6DEA-4919-A963-281BFAD5BE6F}.Debug|x86.ActiveCfg = Debug|x86
		{DF0E1BDB-6DEA-4919-A963-281BFAD5BE6F}.Debug|x86.Build.0 = Debug|x86
		{DF0E1BDB-6DEA-4919-A963-281BFAD5BE6F}.Release|Any CPU.ActiveCfg = Release|Any CPU
		{DF0E1BDB-6DEA-4919-A963-281BFAD5BE6F}.Release|Any CPU.Build.0 = Release|Any CPU
		{DF0E1BDB-6DEA-4919-A963-281BFAD5BE6F}.Release|ARM.ActiveCfg = Release|ARM
		{DF0E1BDB-6DEA-4919-A963-281BFAD5BE6F}.Release|ARM.Build.0 = Release|ARM
		{DF0E1BDB-6DEA-4919-A963-281BFAD5BE6F}.Release|ARM64.ActiveCfg = Release|ARM64
		{DF0E1BDB-6DEA-4919-A963-281BFAD5BE6F}.Release|ARM64.Build.0 = Release|ARM64
		{DF0E1BDB-6DEA-4919-A963-281BFAD5BE6F}.Release|x64.ActiveCfg = Release|x64
		{DF0E1BDB-6DEA-4919-A963-281BFAD5BE6F}.Release|x64.Build.0 = Release|x64
		{DF0E1BDB-6DEA-4919-A963-281BFAD5BE6F}.Release|x86.ActiveCfg = Release|x86
		{DF0E1BDB-6DEA-4919-A963-281BFAD5BE6F}.Release|x86.Build.0 = Release|x86
	EndGlobalSection
	GlobalSection(SolutionProperties) = preSolution
		HideSolutionNode = FALSE
	EndGlobalSection
	GlobalSection(ExtensibilityGlobals) = postSolution
		SolutionGuid = {8EBABE7D-3B89-474E-AF0D-61A98242E809}
	EndGlobalSection
EndGlobal
